
Microsoft Visual Studio Solution File, Format Version 12.00
# Visual Studio Version 17
VisualStudioVersion = 17.13.35818.85 d17.13
MinimumVisualStudioVersion = 10.0.40219.1
Project("{FAE04EC0-301F-11D3-BF4B-00C04F79EFBC}") = "lab_rab_1_2chast_FurdinNK_BPI2302", "lab_rab_1_2chast_FurdinNK_BPI2302\lab_rab_1_2chast_FurdinNK_BPI2302.csproj", "{55B8FFB1-243E-4FE1-B0B2-1D8CF5D0CD55}"
EndProject
Global
	GlobalSection(SolutionConfigurationPlatforms) = preSolution
		Debug|Any CPU = Debug|Any CPU
		Release|Any CPU = Release|Any CPU
	EndGlobalSection
	GlobalSection(ProjectConfigurationPlatforms) = postSolution
		{55B8FFB1-243E-4FE1-B0B2-1D8CF5D0CD55}.Debug|Any CPU.ActiveCfg = Debug|Any CPU
		{55B8FFB1-243E-4FE1-B0B2-1D8CF5D0CD55}.Debug|Any CPU.Build.0 = Debug|Any CPU
		{55B8FFB1-243E-4FE1-B0B2-1D8CF5D0CD55}.Release|Any CPU.ActiveCfg = Release|Any CPU
		{55B8FFB1-243E-4FE1-B0B2-1D8CF5D0CD55}.Release|Any CPU.Build.0 = Release|Any CPU
	EndGlobalSection
	GlobalSection(SolutionProperties) = preSolution
		HideSolutionNode = FALSE
	EndGlobalSection
	GlobalSection(ExtensibilityGlobals) = postSolution
		SolutionGuid = {BEA67510-52C4-4CBC-AD19-09CFBE703A1E}
	EndGlobalSection
EndGlobal
